
Microsoft Visual Studio Solution File, Format Version 12.00
# Visual Studio 2012
Project("{FAE04EC0-301F-11D3-BF4B-00C04F79EFBC}") = "KissMetrics.iOS.Binding", "KissMetrics.iOS\KissMetrics.iOS.Binding\KissMetrics.iOS.Binding.csproj", "{A8EE1A70-455E-402A-9AC6-1E1345B402CC}"
EndProject
Project("{FAE04EC0-301F-11D3-BF4B-00C04F79EFBC}") = "KissMetrics.iOS.TutorialApp", "KissMetrics.iOS\KissMetrics.iOS.TutorialApp\KissMetrics.iOS.TutorialApp.csproj", "{BB05ADE0-73F1-4649-A370-7C2EDA9BE49D}"
EndProject
Project("{FAE04EC0-301F-11D3-BF4B-00C04F79EFBC}") = "KissMetrics.iOS.Tests", "KissMetrics.iOS\KissMetrics.iOS.Tests\KissMetrics.iOS.Tests.csproj", "{241B8F05-74A5-4E04-BDB1-7C6A345700D0}"
EndProject
Project("{FAE04EC0-301F-11D3-BF4B-00C04F79EFBC}") = "Optimizely.iOS.Binding", "Optimizely.iOS\Optimizely.iOS.Binding\Optimizely.iOS.Binding.csproj", "{D64BCAD7-15DB-439B-B63D-C901E3C01FE6}"
EndProject
Project("{FAE04EC0-301F-11D3-BF4B-00C04F79EFBC}") = "Optimizely.iOS.TutorialApp", "Optimizely.iOS\Optimizely.iOS.TutorialApp\Optimizely.iOS.TutorialApp.csproj", "{23546240-9999-4931-95C1-7FC8982D39D5}"
EndProject
Project("{FAE04EC0-301F-11D3-BF4B-00C04F79EFBC}") = "Optimizely.iOS.TutorialApp.Test", "Optimizely.iOS\Optimizely.iOS.TutorialApp.Test\Optimizely.iOS.TutorialApp.Test.csproj", "{53890721-BB70-40F6-BF11-B5246C70B55A}"
EndProject
Global
	GlobalSection(SolutionConfigurationPlatforms) = preSolution
		Debug|Any CPU = Debug|Any CPU
		Release|Any CPU = Release|Any CPU
		Debug|iPhoneSimulator = Debug|iPhoneSimulator
		Release|iPhone = Release|iPhone
		Release|iPhoneSimulator = Release|iPhoneSimulator
		Debug|iPhone = Debug|iPhone
	EndGlobalSection
	GlobalSection(ProjectConfigurationPlatforms) = postSolution
		{23546240-9999-4931-95C1-7FC8982D39D5}.Debug|Any CPU.ActiveCfg = Debug|iPhoneSimulator
		{23546240-9999-4931-95C1-7FC8982D39D5}.Debug|Any CPU.Build.0 = Debug|iPhoneSimulator
		{23546240-9999-4931-95C1-7FC8982D39D5}.Debug|iPhone.ActiveCfg = Debug|iPhone
		{23546240-9999-4931-95C1-7FC8982D39D5}.Debug|iPhone.Build.0 = Debug|iPhone
		{23546240-9999-4931-95C1-7FC8982D39D5}.Debug|iPhoneSimulator.ActiveCfg = Debug|iPhoneSimulator
		{23546240-9999-4931-95C1-7FC8982D39D5}.Debug|iPhoneSimulator.Build.0 = Debug|iPhoneSimulator
		{23546240-9999-4931-95C1-7FC8982D39D5}.Release|Any CPU.ActiveCfg = Release|iPhone
		{23546240-9999-4931-95C1-7FC8982D39D5}.Release|Any CPU.Build.0 = Release|iPhone
		{23546240-9999-4931-95C1-7FC8982D39D5}.Release|iPhone.ActiveCfg = Release|iPhone
		{23546240-9999-4931-95C1-7FC8982D39D5}.Release|iPhone.Build.0 = Release|iPhone
		{23546240-9999-4931-95C1-7FC8982D39D5}.Release|iPhoneSimulator.ActiveCfg = Release|iPhoneSimulator
		{23546240-9999-4931-95C1-7FC8982D39D5}.Release|iPhoneSimulator.Build.0 = Release|iPhoneSimulator
		{241B8F05-74A5-4E04-BDB1-7C6A345700D0}.Debug|Any CPU.ActiveCfg = Debug|iPhoneSimulator
		{241B8F05-74A5-4E04-BDB1-7C6A345700D0}.Debug|Any CPU.Build.0 = Debug|iPhoneSimulator
		{241B8F05-74A5-4E04-BDB1-7C6A345700D0}.Debug|iPhone.ActiveCfg = Debug|iPhone
		{241B8F05-74A5-4E04-BDB1-7C6A345700D0}.Debug|iPhone.Build.0 = Debug|iPhone
		{241B8F05-74A5-4E04-BDB1-7C6A345700D0}.Debug|iPhoneSimulator.ActiveCfg = Debug|iPhoneSimulator
		{241B8F05-74A5-4E04-BDB1-7C6A345700D0}.Debug|iPhoneSimulator.Build.0 = Debug|iPhoneSimulator
		{241B8F05-74A5-4E04-BDB1-7C6A345700D0}.Release|Any CPU.ActiveCfg = Release|iPhone
		{241B8F05-74A5-4E04-BDB1-7C6A345700D0}.Release|Any CPU.Build.0 = Release|iPhone
		{241B8F05-74A5-4E04-BDB1-7C6A345700D0}.Release|iPhone.ActiveCfg = Release|iPhone
		{241B8F05-74A5-4E04-BDB1-7C6A345700D0}.Release|iPhone.Build.0 = Release|iPhone
		{241B8F05-74A5-4E04-BDB1-7C6A345700D0}.Release|iPhoneSimulator.ActiveCfg = Release|iPhoneSimulator
		{241B8F05-74A5-4E04-BDB1-7C6A345700D0}.Release|iPhoneSimulator.Build.0 = Release|iPhoneSimulator
		{53890721-BB70-40F6-BF11-B5246C70B55A}.Debug|Any CPU.ActiveCfg = Debug|iPhoneSimulator
		{53890721-BB70-40F6-BF11-B5246C70B55A}.Debug|Any CPU.Build.0 = Debug|iPhoneSimulator
		{53890721-BB70-40F6-BF11-B5246C70B55A}.Debug|iPhone.ActiveCfg = Debug|iPhone
		{53890721-BB70-40F6-BF11-B5246C70B55A}.Debug|iPhone.Build.0 = Debug|iPhone
		{53890721-BB70-40F6-BF11-B5246C70B55A}.Debug|iPhoneSimulator.ActiveCfg = Debug|iPhoneSimulator
		{53890721-BB70-40F6-BF11-B5246C70B55A}.Debug|iPhoneSimulator.Build.0 = Debug|iPhoneSimulator
		{53890721-BB70-40F6-BF11-B5246C70B55A}.Release|Any CPU.ActiveCfg = Release|iPhone
		{53890721-BB70-40F6-BF11-B5246C70B55A}.Release|Any CPU.Build.0 = Release|iPhone
		{53890721-BB70-40F6-BF11-B5246C70B55A}.Release|iPhone.ActiveCfg = Release|iPhone
		{53890721-BB70-40F6-BF11-B5246C70B55A}.Release|iPhone.Build.0 = Release|iPhone
		{53890721-BB70-40F6-BF11-B5246C70B55A}.Release|iPhoneSimulator.ActiveCfg = Release|iPhoneSimulator
		{53890721-BB70-40F6-BF11-B5246C70B55A}.Release|iPhoneSimulator.Build.0 = Release|iPhoneSimulator
		{A8EE1A70-455E-402A-9AC6-1E1345B402CC}.Debug|Any CPU.ActiveCfg = Debug|Any CPU
		{A8EE1A70-455E-402A-9AC6-1E1345B402CC}.Debug|Any CPU.Build.0 = Debug|Any CPU
		{A8EE1A70-455E-402A-9AC6-1E1345B402CC}.Debug|iPhone.ActiveCfg = Debug|Any CPU
		{A8EE1A70-455E-402A-9AC6-1E1345B402CC}.Debug|iPhone.Build.0 = Debug|Any CPU
		{A8EE1A70-455E-402A-9AC6-1E1345B402CC}.Debug|iPhoneSimulator.ActiveCfg = Debug|Any CPU
		{A8EE1A70-455E-402A-9AC6-1E1345B402CC}.Debug|iPhoneSimulator.Build.0 = Debug|Any CPU
		{A8EE1A70-455E-402A-9AC6-1E1345B402CC}.Release|Any CPU.ActiveCfg = Release|Any CPU
		{A8EE1A70-455E-402A-9AC6-1E1345B402CC}.Release|Any CPU.Build.0 = Release|Any CPU
		{A8EE1A70-455E-402A-9AC6-1E1345B402CC}.Release|iPhone.ActiveCfg = Release|Any CPU
		{A8EE1A70-455E-402A-9AC6-1E1345B402CC}.Release|iPhone.Build.0 = Release|Any CPU
		{A8EE1A70-455E-402A-9AC6-1E1345B402CC}.Release|iPhoneSimulator.ActiveCfg = Release|Any CPU
		{A8EE1A70-455E-402A-9AC6-1E1345B402CC}.Release|iPhoneSimulator.Build.0 = Release|Any CPU
		{BB05ADE0-73F1-4649-A370-7C2EDA9BE49D}.Debug|Any CPU.ActiveCfg = Debug|iPhoneSimulator
		{BB05ADE0-73F1-4649-A370-7C2EDA9BE49D}.Debug|Any CPU.Build.0 = Debug|iPhoneSimulator
		{BB05ADE0-73F1-4649-A370-7C2EDA9BE49D}.Debug|iPhone.ActiveCfg = Debug|iPhone
		{BB05ADE0-73F1-4649-A370-7C2EDA9BE49D}.Debug|iPhone.Build.0 = Debug|iPhone
		{BB05ADE0-73F1-4649-A370-7C2EDA9BE49D}.Debug|iPhoneSimulator.ActiveCfg = Debug|iPhoneSimulator
		{BB05ADE0-73F1-4649-A370-7C2EDA9BE49D}.Debug|iPhoneSimulator.Build.0 = Debug|iPhoneSimulator
		{BB05ADE0-73F1-4649-A370-7C2EDA9BE49D}.Release|Any CPU.ActiveCfg = Release|iPhone
		{BB05ADE0-73F1-4649-A370-7C2EDA9BE49D}.Release|Any CPU.Build.0 = Release|iPhone
		{BB05ADE0-73F1-4649-A370-7C2EDA9BE49D}.Release|iPhone.ActiveCfg = Release|iPhone
		{BB05ADE0-73F1-4649-A370-7C2EDA9BE49D}.Release|iPhone.Build.0 = Release|iPhone
		{BB05ADE0-73F1-4649-A370-7C2EDA9BE49D}.Release|iPhoneSimulator.ActiveCfg = Release|iPhoneSimulator
		{BB05ADE0-73F1-4649-A370-7C2EDA9BE49D}.Release|iPhoneSimulator.Build.0 = Release|iPhoneSimulator
		{D64BCAD7-15DB-439B-B63D-C901E3C01FE6}.Debug|Any CPU.ActiveCfg = Debug|Any CPU
		{D64BCAD7-15DB-439B-B63D-C901E3C01FE6}.Debug|Any CPU.Build.0 = Debug|Any CPU
		{D64BCAD7-15DB-439B-B63D-C901E3C01FE6}.Debug|iPhone.ActiveCfg = Debug|Any CPU
		{D64BCAD7-15DB-439B-B63D-C901E3C01FE6}.Debug|iPhone.Build.0 = Debug|Any CPU
		{D64BCAD7-15DB-439B-B63D-C901E3C01FE6}.Debug|iPhoneSimulator.ActiveCfg = Debug|Any CPU
		{D64BCAD7-15DB-439B-B63D-C901E3C01FE6}.Debug|iPhoneSimulator.Build.0 = Debug|Any CPU
		{D64BCAD7-15DB-439B-B63D-C901E3C01FE6}.Release|Any CPU.ActiveCfg = Release|Any CPU
		{D64BCAD7-15DB-439B-B63D-C901E3C01FE6}.Release|Any CPU.Build.0 = Release|Any CPU
		{D64BCAD7-15DB-439B-B63D-C901E3C01FE6}.Release|iPhone.ActiveCfg = Release|Any CPU
		{D64BCAD7-15DB-439B-B63D-C901E3C01FE6}.Release|iPhone.Build.0 = Release|Any CPU
		{D64BCAD7-15DB-439B-B63D-C901E3C01FE6}.Release|iPhoneSimulator.ActiveCfg = Release|Any CPU
		{D64BCAD7-15DB-439B-B63D-C901E3C01FE6}.Release|iPhoneSimulator.Build.0 = Release|Any CPU
	EndGlobalSection
EndGlobal
