
Microsoft Visual Studio Solution File, Format Version 11.00
# Visual Studio 2010
Project("{FAE04EC0-301F-11D3-BF4B-00C04F79EFBC}") = "Optimizely.iOS", "Optimizely.iOS.csproj", "{D64BCAD7-15DB-439B-B63D-C901E3C01FE6}"
EndProject
Project("{FAE04EC0-301F-11D3-BF4B-00C04F79EFBC}") = "KissMetrics.iOS", "..\KissMetrics.iOS\KissMetrics.iOS.csproj", "{991D944A-CB98-434F-AA89-F57269C2A452}"
EndProject
Project("{FAE04EC0-301F-11D3-BF4B-00C04F79EFBC}") = "KissMetrics.Android", "..\KissMetrics.Android\KissMetrics.Android.csproj", "{ADB03455-5CED-49A5-BFEC-9A3EB86831B9}"
EndProject
Project("{FAE04EC0-301F-11D3-BF4B-00C04F79EFBC}") = "Zendesk.iOS", "..\Zendesk.iOS\Zendesk.iOS.csproj", "{17CC2902-207C-4634-9615-4E0C898F00E8}"
EndProject
Project("{FAE04EC0-301F-11D3-BF4B-00C04F79EFBC}") = "Adjust.iOS", "..\Adjust.iOS\Adjust.iOS.csproj", "{A8CB80C1-F506-4520-B9FA-102AAF1D117D}"
EndProject
Global
	GlobalSection(SolutionConfigurationPlatforms) = preSolution
		Debug|Any CPU = Debug|Any CPU
		Release|Any CPU = Release|Any CPU
	EndGlobalSection
	GlobalSection(ProjectConfigurationPlatforms) = postSolution
		{17CC2902-207C-4634-9615-4E0C898F00E8}.Debug|Any CPU.ActiveCfg = Debug|Any CPU
		{17CC2902-207C-4634-9615-4E0C898F00E8}.Debug|Any CPU.Build.0 = Debug|Any CPU
		{17CC2902-207C-4634-9615-4E0C898F00E8}.Release|Any CPU.ActiveCfg = Release|Any CPU
		{17CC2902-207C-4634-9615-4E0C898F00E8}.Release|Any CPU.Build.0 = Release|Any CPU
		{991D944A-CB98-434F-AA89-F57269C2A452}.Debug|Any CPU.ActiveCfg = Debug|Any CPU
		{991D944A-CB98-434F-AA89-F57269C2A452}.Debug|Any CPU.Build.0 = Debug|Any CPU
		{991D944A-CB98-434F-AA89-F57269C2A452}.Release|Any CPU.ActiveCfg = Release|Any CPU
		{991D944A-CB98-434F-AA89-F57269C2A452}.Release|Any CPU.Build.0 = Release|Any CPU
		{A8CB80C1-F506-4520-B9FA-102AAF1D117D}.Debug|Any CPU.ActiveCfg = Debug|Any CPU
		{A8CB80C1-F506-4520-B9FA-102AAF1D117D}.Debug|Any CPU.Build.0 = Debug|Any CPU
		{A8CB80C1-F506-4520-B9FA-102AAF1D117D}.Release|Any CPU.ActiveCfg = Release|Any CPU
		{A8CB80C1-F506-4520-B9FA-102AAF1D117D}.Release|Any CPU.Build.0 = Release|Any CPU
		{ADB03455-5CED-49A5-BFEC-9A3EB86831B9}.Debug|Any CPU.ActiveCfg = Debug|Any CPU
		{ADB03455-5CED-49A5-BFEC-9A3EB86831B9}.Debug|Any CPU.Build.0 = Debug|Any CPU
		{ADB03455-5CED-49A5-BFEC-9A3EB86831B9}.Release|Any CPU.ActiveCfg = Release|Any CPU
		{ADB03455-5CED-49A5-BFEC-9A3EB86831B9}.Release|Any CPU.Build.0 = Release|Any CPU
		{D64BCAD7-15DB-439B-B63D-C901E3C01FE6}.Debug|Any CPU.ActiveCfg = Debug|Any CPU
		{D64BCAD7-15DB-439B-B63D-C901E3C01FE6}.Debug|Any CPU.Build.0 = Debug|Any CPU
		{D64BCAD7-15DB-439B-B63D-C901E3C01FE6}.Release|Any CPU.ActiveCfg = Release|Any CPU
		{D64BCAD7-15DB-439B-B63D-C901E3C01FE6}.Release|Any CPU.Build.0 = Release|Any CPU
	EndGlobalSection
EndGlobal
