
Microsoft Visual Studio Solution File, Format Version 12.00
# Visual Studio 2012
Project("{FAE04EC0-301F-11D3-BF4B-00C04F79EFBC}") = "TrustDefenderSDKiOS.Tests", "TrustDefender.iOS.Tests\TrustDefenderSDKiOS.Tests.csproj", "{7C0B4CA1-644C-426E-ACC6-4A064A45A43E}"
EndProject
Project("{FAE04EC0-301F-11D3-BF4B-00C04F79EFBC}") = "TrustDefenderSDK.iOS", "TrustDefenderSDK.iOS\TrustDefenderSDK.iOS.csproj", "{5465E284-5411-4DB4-BB5B-C838AE387DFA}"
EndProject
Project("{FAE04EC0-301F-11D3-BF4B-00C04F79EFBC}") = "TrustDefenderiOS.SampleApp", "TrustDefender.iOS.SampleApp\TrustDefenderiOS.SampleApp.csproj", "{44A37FC2-549E-44C2-98D7-9F006133E263}"
EndProject
Global
	GlobalSection(SolutionConfigurationPlatforms) = preSolution
		Debug|Any CPU = Debug|Any CPU
		Release|Any CPU = Release|Any CPU
		Debug|iPhoneSimulator = Debug|iPhoneSimulator
		Release|iPhone = Release|iPhone
		Release|iPhoneSimulator = Release|iPhoneSimulator
		Debug|iPhone = Debug|iPhone
	EndGlobalSection
	GlobalSection(ProjectConfigurationPlatforms) = postSolution
		{44A37FC2-549E-44C2-98D7-9F006133E263}.Debug|Any CPU.ActiveCfg = Debug|iPhoneSimulator
		{44A37FC2-549E-44C2-98D7-9F006133E263}.Debug|Any CPU.Build.0 = Debug|iPhoneSimulator
		{44A37FC2-549E-44C2-98D7-9F006133E263}.Debug|iPhone.ActiveCfg = Debug|iPhone
		{44A37FC2-549E-44C2-98D7-9F006133E263}.Debug|iPhone.Build.0 = Debug|iPhone
		{44A37FC2-549E-44C2-98D7-9F006133E263}.Debug|iPhoneSimulator.ActiveCfg = Debug|iPhoneSimulator
		{44A37FC2-549E-44C2-98D7-9F006133E263}.Debug|iPhoneSimulator.Build.0 = Debug|iPhoneSimulator
		{44A37FC2-549E-44C2-98D7-9F006133E263}.Release|Any CPU.ActiveCfg = Release|iPhone
		{44A37FC2-549E-44C2-98D7-9F006133E263}.Release|Any CPU.Build.0 = Release|iPhone
		{44A37FC2-549E-44C2-98D7-9F006133E263}.Release|iPhone.ActiveCfg = Release|iPhone
		{44A37FC2-549E-44C2-98D7-9F006133E263}.Release|iPhone.Build.0 = Release|iPhone
		{44A37FC2-549E-44C2-98D7-9F006133E263}.Release|iPhoneSimulator.ActiveCfg = Release|iPhoneSimulator
		{44A37FC2-549E-44C2-98D7-9F006133E263}.Release|iPhoneSimulator.Build.0 = Release|iPhoneSimulator
		{5465E284-5411-4DB4-BB5B-C838AE387DFA}.Debug|Any CPU.ActiveCfg = Debug|Any CPU
		{5465E284-5411-4DB4-BB5B-C838AE387DFA}.Debug|Any CPU.Build.0 = Debug|Any CPU
		{5465E284-5411-4DB4-BB5B-C838AE387DFA}.Debug|iPhone.ActiveCfg = Debug|Any CPU
		{5465E284-5411-4DB4-BB5B-C838AE387DFA}.Debug|iPhone.Build.0 = Debug|Any CPU
		{5465E284-5411-4DB4-BB5B-C838AE387DFA}.Debug|iPhoneSimulator.ActiveCfg = Debug|Any CPU
		{5465E284-5411-4DB4-BB5B-C838AE387DFA}.Debug|iPhoneSimulator.Build.0 = Debug|Any CPU
		{5465E284-5411-4DB4-BB5B-C838AE387DFA}.Release|Any CPU.ActiveCfg = Release|Any CPU
		{5465E284-5411-4DB4-BB5B-C838AE387DFA}.Release|Any CPU.Build.0 = Release|Any CPU
		{5465E284-5411-4DB4-BB5B-C838AE387DFA}.Release|iPhone.ActiveCfg = Release|Any CPU
		{5465E284-5411-4DB4-BB5B-C838AE387DFA}.Release|iPhone.Build.0 = Release|Any CPU
		{5465E284-5411-4DB4-BB5B-C838AE387DFA}.Release|iPhoneSimulator.ActiveCfg = Release|Any CPU
		{5465E284-5411-4DB4-BB5B-C838AE387DFA}.Release|iPhoneSimulator.Build.0 = Release|Any CPU
		{7C0B4CA1-644C-426E-ACC6-4A064A45A43E}.Debug|Any CPU.ActiveCfg = Debug|iPhoneSimulator
		{7C0B4CA1-644C-426E-ACC6-4A064A45A43E}.Debug|Any CPU.Build.0 = Debug|iPhoneSimulator
		{7C0B4CA1-644C-426E-ACC6-4A064A45A43E}.Debug|iPhone.ActiveCfg = Debug|iPhone
		{7C0B4CA1-644C-426E-ACC6-4A064A45A43E}.Debug|iPhone.Build.0 = Debug|iPhone
		{7C0B4CA1-644C-426E-ACC6-4A064A45A43E}.Debug|iPhoneSimulator.ActiveCfg = Debug|iPhoneSimulator
		{7C0B4CA1-644C-426E-ACC6-4A064A45A43E}.Debug|iPhoneSimulator.Build.0 = Debug|iPhoneSimulator
		{7C0B4CA1-644C-426E-ACC6-4A064A45A43E}.Release|Any CPU.ActiveCfg = Release|iPhone
		{7C0B4CA1-644C-426E-ACC6-4A064A45A43E}.Release|Any CPU.Build.0 = Release|iPhone
		{7C0B4CA1-644C-426E-ACC6-4A064A45A43E}.Release|iPhone.ActiveCfg = Release|iPhone
		{7C0B4CA1-644C-426E-ACC6-4A064A45A43E}.Release|iPhone.Build.0 = Release|iPhone
		{7C0B4CA1-644C-426E-ACC6-4A064A45A43E}.Release|iPhoneSimulator.ActiveCfg = Release|iPhoneSimulator
		{7C0B4CA1-644C-426E-ACC6-4A064A45A43E}.Release|iPhoneSimulator.Build.0 = Release|iPhoneSimulator
	EndGlobalSection
EndGlobal
