
Microsoft Visual Studio Solution File, Format Version 11.00
# Visual Studio 2010
Project("{FAE04EC0-301F-11D3-BF4B-00C04F79EFBC}") = "KissMetrics.Android", "KissMetrics.Android.csproj", "{ADB03455-5CED-49A5-BFEC-9A3EB86831B9}"
EndProject
Global
	GlobalSection(SolutionConfigurationPlatforms) = preSolution
		Debug|Any CPU = Debug|Any CPU
		Release|Any CPU = Release|Any CPU
	EndGlobalSection
	GlobalSection(ProjectConfigurationPlatforms) = postSolution
		{ADB03455-5CED-49A5-BFEC-9A3EB86831B9}.Debug|Any CPU.ActiveCfg = Debug|Any CPU
		{ADB03455-5CED-49A5-BFEC-9A3EB86831B9}.Debug|Any CPU.Build.0 = Debug|Any CPU
		{ADB03455-5CED-49A5-BFEC-9A3EB86831B9}.Release|Any CPU.ActiveCfg = Release|Any CPU
		{ADB03455-5CED-49A5-BFEC-9A3EB86831B9}.Release|Any CPU.Build.0 = Release|Any CPU
	EndGlobalSection
EndGlobal
